
Microsoft Visual Studio Solution File, Format Version 12.00
# Visual Studio Version 16
VisualStudioVersion = 16.0.30225.117
MinimumVisualStudioVersion = 10.0.40219.1
Project("{9A19103F-16F7-4668-BE54-9A1E7A4F7556}") = "WebApp", "WebApp.csproj", "{56C0F8FD-18BD-4EDB-BB7F-14B10CB96E9A}"
EndProject
Project("{9A19103F-16F7-4668-BE54-9A1E7A4F7556}") = "WebApi", "..\WebApi\WebApi.csproj", "{4F4D9975-22B7-4B46-8D97-AA43A202FA4E}"
EndProject
Global
	GlobalSection(SolutionConfigurationPlatforms) = preSolution
		Debug|Any CPU = Debug|Any CPU
		Release|Any CPU = Release|Any CPU
		Description = Sesion 3 Completa
	EndGlobalSection
	GlobalSection(ProjectConfigurationPlatforms) = postSolution
		{56C0F8FD-18BD-4EDB-BB7F-14B10CB96E9A}.Debug|Any CPU.ActiveCfg = Debug|Any CPU
		{56C0F8FD-18BD-4EDB-BB7F-14B10CB96E9A}.Debug|Any CPU.Build.0 = Debug|Any CPU
		{56C0F8FD-18BD-4EDB-BB7F-14B10CB96E9A}.Release|Any CPU.ActiveCfg = Release|Any CPU
		{56C0F8FD-18BD-4EDB-BB7F-14B10CB96E9A}.Release|Any CPU.Build.0 = Release|Any CPU
		{4F4D9975-22B7-4B46-8D97-AA43A202FA4E}.Debug|Any CPU.ActiveCfg = Debug|Any CPU
		{4F4D9975-22B7-4B46-8D97-AA43A202FA4E}.Debug|Any CPU.Build.0 = Debug|Any CPU
		{4F4D9975-22B7-4B46-8D97-AA43A202FA4E}.Release|Any CPU.ActiveCfg = Release|Any CPU
		{4F4D9975-22B7-4B46-8D97-AA43A202FA4E}.Release|Any CPU.Build.0 = Release|Any CPU
	EndGlobalSection
	GlobalSection(SolutionProperties) = preSolution
		HideSolutionNode = FALSE
	EndGlobalSection
	GlobalSection(ExtensibilityGlobals) = postSolution
		SolutionGuid = {B650D6A9-712A-4085-8B10-58A94549310D}
	EndGlobalSection
EndGlobal
